// !$*UTF8*$!
{
	archiveVersion = 1;
	classes = {
	};
	objectVersion = 46;
	objects = {

/* Begin PBXBuildFile section */
		120832B614FCDD8B0000494E /* UIKit.framework in Frameworks */ = {isa = PBXBuildFile; fileRef = 120832B514FCDD8B0000494E /* UIKit.framework */; };
		120832B814FCDD8B0000494E /* Foundation.framework in Frameworks */ = {isa = PBXBuildFile; fileRef = 120832B714FCDD8B0000494E /* Foundation.framework */; };
		120832BA14FCDD8B0000494E /* CoreGraphics.framework in Frameworks */ = {isa = PBXBuildFile; fileRef = 120832B914FCDD8B0000494E /* CoreGraphics.framework */; };
		120832C014FCDD8B0000494E /* InfoPlist.strings in Resources */ = {isa = PBXBuildFile; fileRef = 120832BE14FCDD8B0000494E /* InfoPlist.strings */; };
		120832C214FCDD8B0000494E /* main.m in Sources */ = {isa = PBXBuildFile; fileRef = 120832C114FCDD8B0000494E /* main.m */; };
		120832C614FCDD8B0000494E /* AppDelegate.m in Sources */ = {isa = PBXBuildFile; fileRef = 120832C514FCDD8B0000494E /* AppDelegate.m */; };
		120832C914FCDD8B0000494E /* FirstViewController.m in Sources */ = {isa = PBXBuildFile; fileRef = 120832C814FCDD8B0000494E /* FirstViewController.m */; };
		120832CB14FCDD8B0000494E /* first.png in Resources */ = {isa = PBXBuildFile; fileRef = 120832CA14FCDD8B0000494E /* first.png */; };
		120832CD14FCDD8B0000494E /* first@2x.png in Resources */ = {isa = PBXBuildFile; fileRef = 120832CC14FCDD8B0000494E /* first@2x.png */; };
		120832D014FCDD8B0000494E /* SecondViewController.m in Sources */ = {isa = PBXBuildFile; fileRef = 120832CF14FCDD8B0000494E /* SecondViewController.m */; };
		120832D214FCDD8B0000494E /* second.png in Resources */ = {isa = PBXBuildFile; fileRef = 120832D114FCDD8B0000494E /* second.png */; };
		120832D414FCDD8B0000494E /* second@2x.png in Resources */ = {isa = PBXBuildFile; fileRef = 120832D314FCDD8B0000494E /* second@2x.png */; };
		120832D714FCDD8B0000494E /* FirstViewController.xib in Resources */ = {isa = PBXBuildFile; fileRef = 120832D514FCDD8B0000494E /* FirstViewController.xib */; };
		120832DA14FCDD8B0000494E /* SecondViewController.xib in Resources */ = {isa = PBXBuildFile; fileRef = 120832D814FCDD8B0000494E /* SecondViewController.xib */; };
/* End PBXBuildFile section */

/* Begin PBXFileReference section */
		120832B114FCDD8B0000494E /* BasicApp.app */ = {isa = PBXFileReference; explicitFileType = wrapper.application; includeInIndex = 0; path = BasicApp.app; sourceTree = BUILT_PRODUCTS_DIR; };
		120832B514FCDD8B0000494E /* UIKit.framework */ = {isa = PBXFileReference; lastKnownFileType = wrapper.framework; name = UIKit.framework; path = System/Library/Frameworks/UIKit.framework; sourceTree = SDKROOT; };
		120832B714FCDD8B0000494E /* Foundation.framework */ = {isa = PBXFileReference; lastKnownFileType = wrapper.framework; name = Foundation.framework; path = System/Library/Frameworks/Foundation.framework; sourceTree = SDKROOT; };
		120832B914FCDD8B0000494E /* CoreGraphics.framework */ = {isa = PBXFileReference; lastKnownFileType = wrapper.framework; name = CoreGraphics.framework; path = System/Library/Frameworks/CoreGraphics.framework; sourceTree = SDKROOT; };
		120832BD14FCDD8B0000494E /* BasicApp-Info.plist */ = {isa = PBXFileReference; lastKnownFileType = text.plist.xml; path = "BasicApp-Info.plist"; sourceTree = "<group>"; };
		120832BF14FCDD8B0000494E /* en */ = {isa = PBXFileReference; lastKnownFileType = text.plist.strings; name = en; path = en.lproj/InfoPlist.strings; sourceTree = "<group>"; };
		120832C114FCDD8B0000494E /* main.m */ = {isa = PBXFileReference; lastKnownFileType = sourcecode.c.objc; path = main.m; sourceTree = "<group>"; };
		120832C314FCDD8B0000494E /* BasicApp-Prefix.pch */ = {isa = PBXFileReference; lastKnownFileType = sourcecode.c.h; path = "BasicApp-Prefix.pch"; sourceTree = "<group>"; };
		120832C414FCDD8B0000494E /* AppDelegate.h */ = {isa = PBXFileReference; lastKnownFileType = sourcecode.c.h; path = AppDelegate.h; sourceTree = "<group>"; };
		120832C514FCDD8B0000494E /* AppDelegate.m */ = {isa = PBXFileReference; lastKnownFileType = sourcecode.c.objc; path = AppDelegate.m; sourceTree = "<group>"; };
		120832C714FCDD8B0000494E /* FirstViewController.h */ = {isa = PBXFileReference; lastKnownFileType = sourcecode.c.h; path = FirstViewController.h; sourceTree = "<group>"; };
		120832C814FCDD8B0000494E /* FirstViewController.m */ = {isa = PBXFileReference; lastKnownFileType = sourcecode.c.objc; path = FirstViewController.m; sourceTree = "<group>"; };
		120832CA14FCDD8B0000494E /* first.png */ = {isa = PBXFileReference; lastKnownFileType = image.png; path = first.png; sourceTree = "<group>"; };
		120832CC14FCDD8B0000494E /* first@2x.png */ = {isa = PBXFileReference; lastKnownFileType = image.png; path = "first@2x.png"; sourceTree = "<group>"; };
		120832CE14FCDD8B0000494E /* SecondViewController.h */ = {isa = PBXFileReference; lastKnownFileType = sourcecode.c.h; path = SecondViewController.h; sourceTree = "<group>"; };
		120832CF14FCDD8B0000494E /* SecondViewController.m */ = {isa = PBXFileReference; lastKnownFileType = sourcecode.c.objc; path = SecondViewController.m; sourceTree = "<group>"; };
		120832D114FCDD8B0000494E /* second.png */ = {isa = PBXFileReference; lastKnownFileType = image.png; path = second.png; sourceTree = "<group>"; };
		120832D314FCDD8B0000494E /* second@2x.png */ = {isa = PBXFileReference; lastKnownFileType = image.png; path = "second@2x.png"; sourceTree = "<group>"; };
		120832D614FCDD8B0000494E /* en */ = {isa = PBXFileReference; lastKnownFileType = file.xib; name = en; path = en.lproj/FirstViewController.xib; sourceTree = "<group>"; };
		120832D914FCDD8B0000494E /* en */ = {isa = PBXFileReference; lastKnownFileType = file.xib; name = en; path = en.lproj/SecondViewController.xib; sourceTree = "<group>"; };
/* End PBXFileReference section */

/* Begin PBXFrameworksBuildPhase section */
		120832AE14FCDD8B0000494E /* Frameworks */ = {
			isa = PBXFrameworksBuildPhase;
			buildActionMask = 2147483647;
			files = (
				120832B614FCDD8B0000494E /* UIKit.framework in Frameworks */,
				120832B814FCDD8B0000494E /* Foundation.framework in Frameworks */,
				120832BA14FCDD8B0000494E /* CoreGraphics.framework in Frameworks */,
			);
			runOnlyForDeploymentPostprocessing = 0;
		};
/* End PBXFrameworksBuildPhase section */

/* Begin PBXGroup section */
		120832A614FCDD8B0000494E = {
			isa = PBXGroup;
			children = (
				120832BB14FCDD8B0000494E /* BasicApp */,
				120832B414FCDD8B0000494E /* Frameworks */,
				120832B214FCDD8B0000494E /* Products */,
			);
			sourceTree = "<group>";
		};
		120832B214FCDD8B0000494E /* Products */ = {
			isa = PBXGroup;
			children = (
				120832B114FCDD8B0000494E /* BasicApp.app */,
			);
			name = Products;
			sourceTree = "<group>";
		};
		120832B414FCDD8B0000494E /* Frameworks */ = {
			isa = PBXGroup;
			children = (
				120832B514FCDD8B0000494E /* UIKit.framework */,
				120832B714FCDD8B0000494E /* Foundation.framework */,
				120832B914FCDD8B0000494E /* CoreGraphics.framework */,
			);
			name = Frameworks;
			sourceTree = "<group>";
		};
		120832BB14FCDD8B0000494E /* BasicApp */ = {
			isa = PBXGroup;
			children = (
				120832C414FCDD8B0000494E /* AppDelegate.h */,
				120832C514FCDD8B0000494E /* AppDelegate.m */,
				120832C714FCDD8B0000494E /* FirstViewController.h */,
				120832C814FCDD8B0000494E /* FirstViewController.m */,
				120832CA14FCDD8B0000494E /* first.png */,
				120832CC14FCDD8B0000494E /* first@2x.png */,
				120832CE14FCDD8B0000494E /* SecondViewController.h */,
				120832CF14FCDD8B0000494E /* SecondViewController.m */,
				120832D114FCDD8B0000494E /* second.png */,
				120832D314FCDD8B0000494E /* second@2x.png */,
				120832D514FCDD8B0000494E /* FirstViewController.xib */,
				120832D814FCDD8B0000494E /* SecondViewController.xib */,
				120832BC14FCDD8B0000494E /* Supporting Files */,
			);
			path = BasicApp;
			sourceTree = "<group>";
		};
		120832BC14FCDD8B0000494E /* Supporting Files */ = {
			isa = PBXGroup;
			children = (
				120832BD14FCDD8B0000494E /* BasicApp-Info.plist */,
				120832BE14FCDD8B0000494E /* InfoPlist.strings */,
				120832C114FCDD8B0000494E /* main.m */,
				120832C314FCDD8B0000494E /* BasicApp-Prefix.pch */,
			);
			name = "Supporting Files";
			sourceTree = "<group>";
		};
/* End PBXGroup section */

/* Begin PBXNativeTarget section */
		120832B014FCDD8B0000494E /* BasicApp */ = {
			isa = PBXNativeTarget;
			buildConfigurationList = 120832DD14FCDD8B0000494E /* Build configuration list for PBXNativeTarget "BasicApp" */;
			buildPhases = (
				120832AD14FCDD8B0000494E /* Sources */,
				120832AE14FCDD8B0000494E /* Frameworks */,
				120832AF14FCDD8B0000494E /* Resources */,
			);
			buildRules = (
			);
			dependencies = (
			);
			name = BasicApp;
			productName = BasicApp;
			productReference = 120832B114FCDD8B0000494E /* BasicApp.app */;
			productType = "com.apple.product-type.application";
		};
/* End PBXNativeTarget section */

/* Begin PBXProject section */
		120832A814FCDD8B0000494E /* Project object */ = {
			isa = PBXProject;
			attributes = {
				LastUpgradeCheck = 0420;
			};
			buildConfigurationList = 120832AB14FCDD8B0000494E /* Build configuration list for PBXProject "BasicApp" */;
			compatibilityVersion = "Xcode 3.2";
			developmentRegion = English;
			hasScannedForEncodings = 0;
			knownRegions = (
				en,
			);
			mainGroup = 120832A614FCDD8B0000494E;
			productRefGroup = 120832B214FCDD8B0000494E /* Products */;
			projectDirPath = "";
			projectRoot = "";
			targets = (
				120832B014FCDD8B0000494E /* BasicApp */,
			);
		};
/* End PBXProject section */

/* Begin PBXResourcesBuildPhase section */
		120832AF14FCDD8B0000494E /* Resources */ = {
			isa = PBXResourcesBuildPhase;
			buildActionMask = 2147483647;
			files = (
				120832C014FCDD8B0000494E /* InfoPlist.strings in Resources */,
				120832CB14FCDD8B0000494E /* first.png in Resources */,
				120832CD14FCDD8B0000494E /* first@2x.png in Resources */,
				120832D214FCDD8B0000494E /* second.png in Resources */,
				120832D414FCDD8B0000494E /* second@2x.png in Resources */,
				120832D714FCDD8B0000494E /* FirstViewController.xib in Resources */,
				120832DA14FCDD8B0000494E /* SecondViewController.xib in Resources */,
			);
			runOnlyForDeploymentPostprocessing = 0;
		};
/* End PBXResourcesBuildPhase section */

/* Begin PBXSourcesBuildPhase section */
		120832AD14FCDD8B0000494E /* Sources */ = {
			isa = PBXSourcesBuildPhase;
			buildActionMask = 2147483647;
			files = (
				120832C214FCDD8B0000494E /* main.m in Sources */,
				120832C614FCDD8B0000494E /* AppDelegate.m in Sources */,
				120832C914FCDD8B0000494E /* FirstViewController.m in Sources */,
				120832D014FCDD8B0000494E /* SecondViewController.m in Sources */,
			);
			runOnlyForDeploymentPostprocessing = 0;
		};
/* End PBXSourcesBuildPhase section */

/* Begin PBXVariantGroup section */
		120832BE14FCDD8B0000494E /* InfoPlist.strings */ = {
			isa = PBXVariantGroup;
			children = (
				120832BF14FCDD8B0000494E /* en */,
			);
			name = InfoPlist.strings;
			sourceTree = "<group>";
		};
		120832D514FCDD8B0000494E /* FirstViewController.xib */ = {
			isa = PBXVariantGroup;
			children = (
				120832D614FCDD8B0000494E /* en */,
			);
			name = FirstViewController.xib;
			sourceTree = "<group>";
		};
		120832D814FCDD8B0000494E /* SecondViewController.xib */ = {
			isa = PBXVariantGroup;
			children = (
				120832D914FCDD8B0000494E /* en */,
			);
			name = SecondViewController.xib;
			sourceTree = "<group>";
		};
/* End PBXVariantGroup section */

/* Begin XCBuildConfiguration section */
		120832DB14FCDD8B0000494E /* Debug */ = {
			isa = XCBuildConfiguration;
			buildSettings = {
				ALWAYS_SEARCH_USER_PATHS = NO;
				ARCHS = "$(ARCHS_STANDARD_32_BIT)";
				"CODE_SIGN_IDENTITY[sdk=iphoneos*]" = "iPhone Developer";
				COPY_PHASE_STRIP = NO;
				GCC_C_LANGUAGE_STANDARD = gnu99;
				GCC_DYNAMIC_NO_PIC = NO;
				GCC_OPTIMIZATION_LEVEL = 0;
				GCC_PREPROCESSOR_DEFINITIONS = (
					"DEBUG=1",
					"$(inherited)",
				);
				GCC_SYMBOLS_PRIVATE_EXTERN = NO;
				GCC_VERSION = com.apple.compilers.llvm.clang.1_0;
				GCC_WARN_ABOUT_MISSING_PROTOTYPES = YES;
				GCC_WARN_ABOUT_RETURN_TYPE = YES;
				GCC_WARN_UNUSED_VARIABLE = YES;
				IPHONEOS_DEPLOYMENT_TARGET = 5.0;
				SDKROOT = iphoneos;
			};
			name = Debug;
		};
		120832DC14FCDD8B0000494E /* Release */ = {
			isa = XCBuildConfiguration;
			buildSettings = {
				ALWAYS_SEARCH_USER_PATHS = NO;
				ARCHS = "$(ARCHS_STANDARD_32_BIT)";
				"CODE_SIGN_IDENTITY[sdk=iphoneos*]" = "iPhone Developer";
				COPY_PHASE_STRIP = YES;
				GCC_C_LANGUAGE_STANDARD = gnu99;
				GCC_VERSION = com.apple.compilers.llvm.clang.1_0;
				GCC_WARN_ABOUT_MISSING_PROTOTYPES = YES;
				GCC_WARN_ABOUT_RETURN_TYPE = YES;
				GCC_WARN_UNUSED_VARIABLE = YES;
				IPHONEOS_DEPLOYMENT_TARGET = 5.0;
				OTHER_CFLAGS = "-DNS_BLOCK_ASSERTIONS=1";
				SDKROOT = iphoneos;
				VALIDATE_PRODUCT = YES;
			};
			name = Release;
		};
		120832DE14FCDD8B0000494E /* Debug */ = {
			isa = XCBuildConfiguration;
			buildSettings = {
				GCC_PRECOMPILE_PREFIX_HEADER = YES;
				GCC_PREFIX_HEADER = "BasicApp/BasicApp-Prefix.pch";
				INFOPLIST_FILE = "BasicApp/BasicApp-Info.plist";
				PRODUCT_NAME = "$(TARGET_NAME)";
				WRAPPER_EXTENSION = app;
			};
			name = Debug;
		};
		120832DF14FCDD8B0000494E /* Release */ = {
			isa = XCBuildConfiguration;
			buildSettings = {
				GCC_PRECOMPILE_PREFIX_HEADER = YES;
				GCC_PREFIX_HEADER = "BasicApp/BasicApp-Prefix.pch";
				INFOPLIST_FILE = "BasicApp/BasicApp-Info.plist";
				PRODUCT_NAME = "$(TARGET_NAME)";
				WRAPPER_EXTENSION = app;
			};
			name = Release;
		};
/* End XCBuildConfiguration section */

/* Begin XCConfigurationList section */
		120832AB14FCDD8B0000494E /* Build configuration list for PBXProject "BasicApp" */ = {
			isa = XCConfigurationList;
			buildConfigurations = (
				120832DB14FCDD8B0000494E /* Debug */,
				120832DC14FCDD8B0000494E /* Release */,
			);
			defaultConfigurationIsVisible = 0;
			defaultConfigurationName = Release;
		};
		120832DD14FCDD8B0000494E /* Build configuration list for PBXNativeTarget "BasicApp" */ = {
			isa = XCConfigurationList;
			buildConfigurations = (
				120832DE14FCDD8B0000494E /* Debug */,
				120832DF14FCDD8B0000494E /* Release */,
			);
			defaultConfigurationIsVisible = 0;
		};
/* End XCConfigurationList section */
	};
	rootObject = 120832A814FCDD8B0000494E /* Project object */;
}
