// !$*UTF8*$!
{
	archiveVersion = 1;
	classes = {
	};
	objectVersion = 46;
	objects = {

/* Begin PBXBuildFile section */
		1208327814FC2D0C0000494E /* UIKit.framework in Frameworks */ = {isa = PBXBuildFile; fileRef = 1208327714FC2D0C0000494E /* UIKit.framework */; };
		1208327A14FC2D0C0000494E /* Foundation.framework in Frameworks */ = {isa = PBXBuildFile; fileRef = 1208327914FC2D0C0000494E /* Foundation.framework */; };
		1208327C14FC2D0C0000494E /* CoreGraphics.framework in Frameworks */ = {isa = PBXBuildFile; fileRef = 1208327B14FC2D0C0000494E /* CoreGraphics.framework */; };
		1208328214FC2D0C0000494E /* InfoPlist.strings in Resources */ = {isa = PBXBuildFile; fileRef = 1208328014FC2D0C0000494E /* InfoPlist.strings */; };
		1208328414FC2D0C0000494E /* main.m in Sources */ = {isa = PBXBuildFile; fileRef = 1208328314FC2D0C0000494E /* main.m */; };
		1208328814FC2D0C0000494E /* AppDelegate.m in Sources */ = {isa = PBXBuildFile; fileRef = 1208328714FC2D0C0000494E /* AppDelegate.m */; };
		1208328B14FC2D0C0000494E /* FirstViewController.m in Sources */ = {isa = PBXBuildFile; fileRef = 1208328A14FC2D0C0000494E /* FirstViewController.m */; };
		1208328D14FC2D0C0000494E /* first.png in Resources */ = {isa = PBXBuildFile; fileRef = 1208328C14FC2D0C0000494E /* first.png */; };
		1208328F14FC2D0C0000494E /* first@2x.png in Resources */ = {isa = PBXBuildFile; fileRef = 1208328E14FC2D0C0000494E /* first@2x.png */; };
		1208329214FC2D0C0000494E /* SecondViewController.m in Sources */ = {isa = PBXBuildFile; fileRef = 1208329114FC2D0C0000494E /* SecondViewController.m */; };
		1208329414FC2D0C0000494E /* second.png in Resources */ = {isa = PBXBuildFile; fileRef = 1208329314FC2D0C0000494E /* second.png */; };
		1208329614FC2D0C0000494E /* second@2x.png in Resources */ = {isa = PBXBuildFile; fileRef = 1208329514FC2D0C0000494E /* second@2x.png */; };
		1208329914FC2D0C0000494E /* FirstViewController.xib in Resources */ = {isa = PBXBuildFile; fileRef = 1208329714FC2D0C0000494E /* FirstViewController.xib */; };
		1208329C14FC2D0C0000494E /* SecondViewController.xib in Resources */ = {isa = PBXBuildFile; fileRef = 1208329A14FC2D0C0000494E /* SecondViewController.xib */; };
/* End PBXBuildFile section */

/* Begin PBXFileReference section */
		1208327314FC2D0C0000494E /* BasicApp.app */ = {isa = PBXFileReference; explicitFileType = wrapper.application; includeInIndex = 0; path = BasicApp.app; sourceTree = BUILT_PRODUCTS_DIR; };
		1208327714FC2D0C0000494E /* UIKit.framework */ = {isa = PBXFileReference; lastKnownFileType = wrapper.framework; name = UIKit.framework; path = System/Library/Frameworks/UIKit.framework; sourceTree = SDKROOT; };
		1208327914FC2D0C0000494E /* Foundation.framework */ = {isa = PBXFileReference; lastKnownFileType = wrapper.framework; name = Foundation.framework; path = System/Library/Frameworks/Foundation.framework; sourceTree = SDKROOT; };
		1208327B14FC2D0C0000494E /* CoreGraphics.framework */ = {isa = PBXFileReference; lastKnownFileType = wrapper.framework; name = CoreGraphics.framework; path = System/Library/Frameworks/CoreGraphics.framework; sourceTree = SDKROOT; };
		1208327F14FC2D0C0000494E /* BasicApp-Info.plist */ = {isa = PBXFileReference; lastKnownFileType = text.plist.xml; path = "BasicApp-Info.plist"; sourceTree = "<group>"; };
		1208328114FC2D0C0000494E /* en */ = {isa = PBXFileReference; lastKnownFileType = text.plist.strings; name = en; path = en.lproj/InfoPlist.strings; sourceTree = "<group>"; };
		1208328314FC2D0C0000494E /* main.m */ = {isa = PBXFileReference; lastKnownFileType = sourcecode.c.objc; path = main.m; sourceTree = "<group>"; };
		1208328514FC2D0C0000494E /* BasicApp-Prefix.pch */ = {isa = PBXFileReference; lastKnownFileType = sourcecode.c.h; path = "BasicApp-Prefix.pch"; sourceTree = "<group>"; };
		1208328614FC2D0C0000494E /* AppDelegate.h */ = {isa = PBXFileReference; lastKnownFileType = sourcecode.c.h; path = AppDelegate.h; sourceTree = "<group>"; };
		1208328714FC2D0C0000494E /* AppDelegate.m */ = {isa = PBXFileReference; lastKnownFileType = sourcecode.c.objc; path = AppDelegate.m; sourceTree = "<group>"; };
		1208328914FC2D0C0000494E /* FirstViewController.h */ = {isa = PBXFileReference; lastKnownFileType = sourcecode.c.h; path = FirstViewController.h; sourceTree = "<group>"; };
		1208328A14FC2D0C0000494E /* FirstViewController.m */ = {isa = PBXFileReference; lastKnownFileType = sourcecode.c.objc; path = FirstViewController.m; sourceTree = "<group>"; };
		1208328C14FC2D0C0000494E /* first.png */ = {isa = PBXFileReference; lastKnownFileType = image.png; path = first.png; sourceTree = "<group>"; };
		1208328E14FC2D0C0000494E /* first@2x.png */ = {isa = PBXFileReference; lastKnownFileType = image.png; path = "first@2x.png"; sourceTree = "<group>"; };
		1208329014FC2D0C0000494E /* SecondViewController.h */ = {isa = PBXFileReference; lastKnownFileType = sourcecode.c.h; path = SecondViewController.h; sourceTree = "<group>"; };
		1208329114FC2D0C0000494E /* SecondViewController.m */ = {isa = PBXFileReference; lastKnownFileType = sourcecode.c.objc; path = SecondViewController.m; sourceTree = "<group>"; };
		1208329314FC2D0C0000494E /* second.png */ = {isa = PBXFileReference; lastKnownFileType = image.png; path = second.png; sourceTree = "<group>"; };
		1208329514FC2D0C0000494E /* second@2x.png */ = {isa = PBXFileReference; lastKnownFileType = image.png; path = "second@2x.png"; sourceTree = "<group>"; };
		1208329814FC2D0C0000494E /* en */ = {isa = PBXFileReference; lastKnownFileType = file.xib; name = en; path = en.lproj/FirstViewController.xib; sourceTree = "<group>"; };
		1208329B14FC2D0C0000494E /* en */ = {isa = PBXFileReference; lastKnownFileType = file.xib; name = en; path = en.lproj/SecondViewController.xib; sourceTree = "<group>"; };
/* End PBXFileReference section */

/* Begin PBXFrameworksBuildPhase section */
		1208327014FC2D0C0000494E /* Frameworks */ = {
			isa = PBXFrameworksBuildPhase;
			buildActionMask = 2147483647;
			files = (
				1208327814FC2D0C0000494E /* UIKit.framework in Frameworks */,
				1208327A14FC2D0C0000494E /* Foundation.framework in Frameworks */,
				1208327C14FC2D0C0000494E /* CoreGraphics.framework in Frameworks */,
			);
			runOnlyForDeploymentPostprocessing = 0;
		};
/* End PBXFrameworksBuildPhase section */

/* Begin PBXGroup section */
		1208326814FC2D0C0000494E = {
			isa = PBXGroup;
			children = (
				1208327D14FC2D0C0000494E /* BasicApp */,
				1208327614FC2D0C0000494E /* Frameworks */,
				1208327414FC2D0C0000494E /* Products */,
			);
			sourceTree = "<group>";
		};
		1208327414FC2D0C0000494E /* Products */ = {
			isa = PBXGroup;
			children = (
				1208327314FC2D0C0000494E /* BasicApp.app */,
			);
			name = Products;
			sourceTree = "<group>";
		};
		1208327614FC2D0C0000494E /* Frameworks */ = {
			isa = PBXGroup;
			children = (
				1208327714FC2D0C0000494E /* UIKit.framework */,
				1208327914FC2D0C0000494E /* Foundation.framework */,
				1208327B14FC2D0C0000494E /* CoreGraphics.framework */,
			);
			name = Frameworks;
			sourceTree = "<group>";
		};
		1208327D14FC2D0C0000494E /* BasicApp */ = {
			isa = PBXGroup;
			children = (
				1208328614FC2D0C0000494E /* AppDelegate.h */,
				1208328714FC2D0C0000494E /* AppDelegate.m */,
				1208328914FC2D0C0000494E /* FirstViewController.h */,
				1208328A14FC2D0C0000494E /* FirstViewController.m */,
				1208328C14FC2D0C0000494E /* first.png */,
				1208328E14FC2D0C0000494E /* first@2x.png */,
				1208329014FC2D0C0000494E /* SecondViewController.h */,
				1208329114FC2D0C0000494E /* SecondViewController.m */,
				1208329314FC2D0C0000494E /* second.png */,
				1208329514FC2D0C0000494E /* second@2x.png */,
				1208329714FC2D0C0000494E /* FirstViewController.xib */,
				1208329A14FC2D0C0000494E /* SecondViewController.xib */,
				1208327E14FC2D0C0000494E /* Supporting Files */,
			);
			path = BasicApp;
			sourceTree = "<group>";
		};
		1208327E14FC2D0C0000494E /* Supporting Files */ = {
			isa = PBXGroup;
			children = (
				1208327F14FC2D0C0000494E /* BasicApp-Info.plist */,
				1208328014FC2D0C0000494E /* InfoPlist.strings */,
				1208328314FC2D0C0000494E /* main.m */,
				1208328514FC2D0C0000494E /* BasicApp-Prefix.pch */,
			);
			name = "Supporting Files";
			sourceTree = "<group>";
		};
/* End PBXGroup section */

/* Begin PBXNativeTarget section */
		1208327214FC2D0C0000494E /* BasicApp */ = {
			isa = PBXNativeTarget;
			buildConfigurationList = 1208329F14FC2D0C0000494E /* Build configuration list for PBXNativeTarget "BasicApp" */;
			buildPhases = (
				1208326F14FC2D0C0000494E /* Sources */,
				1208327014FC2D0C0000494E /* Frameworks */,
				1208327114FC2D0C0000494E /* Resources */,
			);
			buildRules = (
			);
			dependencies = (
			);
			name = BasicApp;
			productName = BasicApp;
			productReference = 1208327314FC2D0C0000494E /* BasicApp.app */;
			productType = "com.apple.product-type.application";
		};
/* End PBXNativeTarget section */

/* Begin PBXProject section */
		1208326A14FC2D0C0000494E /* Project object */ = {
			isa = PBXProject;
			attributes = {
				LastUpgradeCheck = 0420;
			};
			buildConfigurationList = 1208326D14FC2D0C0000494E /* Build configuration list for PBXProject "BasicApp" */;
			compatibilityVersion = "Xcode 3.2";
			developmentRegion = English;
			hasScannedForEncodings = 0;
			knownRegions = (
				en,
			);
			mainGroup = 1208326814FC2D0C0000494E;
			productRefGroup = 1208327414FC2D0C0000494E /* Products */;
			projectDirPath = "";
			projectRoot = "";
			targets = (
				1208327214FC2D0C0000494E /* BasicApp */,
			);
		};
/* End PBXProject section */

/* Begin PBXResourcesBuildPhase section */
		1208327114FC2D0C0000494E /* Resources */ = {
			isa = PBXResourcesBuildPhase;
			buildActionMask = 2147483647;
			files = (
				1208328214FC2D0C0000494E /* InfoPlist.strings in Resources */,
				1208328D14FC2D0C0000494E /* first.png in Resources */,
				1208328F14FC2D0C0000494E /* first@2x.png in Resources */,
				1208329414FC2D0C0000494E /* second.png in Resources */,
				1208329614FC2D0C0000494E /* second@2x.png in Resources */,
				1208329914FC2D0C0000494E /* FirstViewController.xib in Resources */,
				1208329C14FC2D0C0000494E /* SecondViewController.xib in Resources */,
			);
			runOnlyForDeploymentPostprocessing = 0;
		};
/* End PBXResourcesBuildPhase section */

/* Begin PBXSourcesBuildPhase section */
		1208326F14FC2D0C0000494E /* Sources */ = {
			isa = PBXSourcesBuildPhase;
			buildActionMask = 2147483647;
			files = (
				1208328414FC2D0C0000494E /* main.m in Sources */,
				1208328814FC2D0C0000494E /* AppDelegate.m in Sources */,
				1208328B14FC2D0C0000494E /* FirstViewController.m in Sources */,
				1208329214FC2D0C0000494E /* SecondViewController.m in Sources */,
			);
			runOnlyForDeploymentPostprocessing = 0;
		};
/* End PBXSourcesBuildPhase section */

/* Begin PBXVariantGroup section */
		1208328014FC2D0C0000494E /* InfoPlist.strings */ = {
			isa = PBXVariantGroup;
			children = (
				1208328114FC2D0C0000494E /* en */,
			);
			name = InfoPlist.strings;
			sourceTree = "<group>";
		};
		1208329714FC2D0C0000494E /* FirstViewController.xib */ = {
			isa = PBXVariantGroup;
			children = (
				1208329814FC2D0C0000494E /* en */,
			);
			name = FirstViewController.xib;
			sourceTree = "<group>";
		};
		1208329A14FC2D0C0000494E /* SecondViewController.xib */ = {
			isa = PBXVariantGroup;
			children = (
				1208329B14FC2D0C0000494E /* en */,
			);
			name = SecondViewController.xib;
			sourceTree = "<group>";
		};
/* End PBXVariantGroup section */

/* Begin XCBuildConfiguration section */
		1208329D14FC2D0C0000494E /* Debug */ = {
			isa = XCBuildConfiguration;
			buildSettings = {
				ALWAYS_SEARCH_USER_PATHS = NO;
				ARCHS = "$(ARCHS_STANDARD_32_BIT)";
				"CODE_SIGN_IDENTITY[sdk=iphoneos*]" = "iPhone Developer";
				COPY_PHASE_STRIP = NO;
				GCC_C_LANGUAGE_STANDARD = gnu99;
				GCC_DYNAMIC_NO_PIC = NO;
				GCC_OPTIMIZATION_LEVEL = 0;
				GCC_PREPROCESSOR_DEFINITIONS = (
					"DEBUG=1",
					"$(inherited)",
				);
				GCC_SYMBOLS_PRIVATE_EXTERN = NO;
				GCC_VERSION = com.apple.compilers.llvm.clang.1_0;
				GCC_WARN_ABOUT_MISSING_PROTOTYPES = YES;
				GCC_WARN_ABOUT_RETURN_TYPE = YES;
				GCC_WARN_UNUSED_VARIABLE = YES;
				IPHONEOS_DEPLOYMENT_TARGET = 5.0;
				SDKROOT = iphoneos;
			};
			name = Debug;
		};
		1208329E14FC2D0C0000494E /* Release */ = {
			isa = XCBuildConfiguration;
			buildSettings = {
				ALWAYS_SEARCH_USER_PATHS = NO;
				ARCHS = "$(ARCHS_STANDARD_32_BIT)";
				"CODE_SIGN_IDENTITY[sdk=iphoneos*]" = "iPhone Developer";
				COPY_PHASE_STRIP = YES;
				GCC_C_LANGUAGE_STANDARD = gnu99;
				GCC_VERSION = com.apple.compilers.llvm.clang.1_0;
				GCC_WARN_ABOUT_MISSING_PROTOTYPES = YES;
				GCC_WARN_ABOUT_RETURN_TYPE = YES;
				GCC_WARN_UNUSED_VARIABLE = YES;
				IPHONEOS_DEPLOYMENT_TARGET = 5.0;
				OTHER_CFLAGS = "-DNS_BLOCK_ASSERTIONS=1";
				SDKROOT = iphoneos;
				VALIDATE_PRODUCT = YES;
			};
			name = Release;
		};
		120832A014FC2D0C0000494E /* Debug */ = {
			isa = XCBuildConfiguration;
			buildSettings = {
				GCC_PRECOMPILE_PREFIX_HEADER = YES;
				GCC_PREFIX_HEADER = "BasicApp/BasicApp-Prefix.pch";
				INFOPLIST_FILE = "BasicApp/BasicApp-Info.plist";
				PRODUCT_NAME = "$(TARGET_NAME)";
				WRAPPER_EXTENSION = app;
			};
			name = Debug;
		};
		120832A114FC2D0C0000494E /* Release */ = {
			isa = XCBuildConfiguration;
			buildSettings = {
				GCC_PRECOMPILE_PREFIX_HEADER = YES;
				GCC_PREFIX_HEADER = "BasicApp/BasicApp-Prefix.pch";
				INFOPLIST_FILE = "BasicApp/BasicApp-Info.plist";
				PRODUCT_NAME = "$(TARGET_NAME)";
				WRAPPER_EXTENSION = app;
			};
			name = Release;
		};
/* End XCBuildConfiguration section */

/* Begin XCConfigurationList section */
		1208326D14FC2D0C0000494E /* Build configuration list for PBXProject "BasicApp" */ = {
			isa = XCConfigurationList;
			buildConfigurations = (
				1208329D14FC2D0C0000494E /* Debug */,
				1208329E14FC2D0C0000494E /* Release */,
			);
			defaultConfigurationIsVisible = 0;
			defaultConfigurationName = Release;
		};
		1208329F14FC2D0C0000494E /* Build configuration list for PBXNativeTarget "BasicApp" */ = {
			isa = XCConfigurationList;
			buildConfigurations = (
				120832A014FC2D0C0000494E /* Debug */,
				120832A114FC2D0C0000494E /* Release */,
			);
			defaultConfigurationIsVisible = 0;
		};
/* End XCConfigurationList section */
	};
	rootObject = 1208326A14FC2D0C0000494E /* Project object */;
}
